
Microsoft Visual Studio Solution File, Format Version 12.00
# Visual Studio 14
VisualStudioVersion = 14.0.24720.0
MinimumVisualStudioVersion = 10.0.40219.1
Project("{FAE04EC0-301F-11D3-BF4B-00C04F79EFBC}") = "Sample.Core", "Sample.Core\Sample.Core.csproj", "{ABDC114F-B2A9-4CCD-94FF-25DB9CEC57BA}"
EndProject
Project("{2150E333-8FDC-42A3-9474-1A3956D46DE8}") = "Sample.Core", "Sample.Core", "{23C659FE-2AFF-41D6-9BBF-E83FFBB72ABD}"
EndProject
Project("{FAE04EC0-301F-11D3-BF4B-00C04F79EFBC}") = "Sample.Core.Web", "Sample.Core.Web\Sample.Core.Web.csproj", "{6099294C-4E59-4D6F-9305-8B78DECDCF78}"
EndProject
Project("{2150E333-8FDC-42A3-9474-1A3956D46DE8}") = "Sample.Web", "Sample.Web", "{715B1D72-690D-4121-A968-887858FDAD77}"
EndProject
Project("{FAE04EC0-301F-11D3-BF4B-00C04F79EFBC}") = "Sample.Business", "Sample.Business\Sample.Business.csproj", "{777D338C-4FB3-494B-8E89-5B95EA6C1BD2}"
EndProject
Project("{FAE04EC0-301F-11D3-BF4B-00C04F79EFBC}") = "Sample.DataLayer", "Sample.DataLayer\Sample.DataLayer.csproj", "{C3A30ACC-0256-4E18-8548-AD1B3152B615}"
EndProject
Project("{FAE04EC0-301F-11D3-BF4B-00C04F79EFBC}") = "Sample.Entities", "Sample.Entities\Sample.Entities.csproj", "{9F47B1C4-5657-4DFE-A553-AA1C7C7FF767}"
EndProject
Project("{FAE04EC0-301F-11D3-BF4B-00C04F79EFBC}") = "Sample.Mvc", "Sample.Mvc\Sample.Mvc.csproj", "{99EA4FD7-064D-4EB1-B149-209ACC7F3981}"
EndProject
Project("{2150E333-8FDC-42A3-9474-1A3956D46DE8}") = "Sample.Generator", "Sample.Generator", "{D9CD482C-7DC9-4938-BF41-A64460292D2B}"
EndProject
Project("{FAE04EC0-301F-11D3-BF4B-00C04F79EFBC}") = "Sample.Generator", "Sample.Generator\Sample.Generator.csproj", "{C236550F-1BCF-45D8-8F41-8F37773DD12C}"
EndProject
Global
	GlobalSection(SolutionConfigurationPlatforms) = preSolution
		Debug|Any CPU = Debug|Any CPU
		Release|Any CPU = Release|Any CPU
	EndGlobalSection
	GlobalSection(ProjectConfigurationPlatforms) = postSolution
		{ABDC114F-B2A9-4CCD-94FF-25DB9CEC57BA}.Debug|Any CPU.ActiveCfg = Debug|Any CPU
		{ABDC114F-B2A9-4CCD-94FF-25DB9CEC57BA}.Debug|Any CPU.Build.0 = Debug|Any CPU
		{ABDC114F-B2A9-4CCD-94FF-25DB9CEC57BA}.Release|Any CPU.ActiveCfg = Release|Any CPU
		{ABDC114F-B2A9-4CCD-94FF-25DB9CEC57BA}.Release|Any CPU.Build.0 = Release|Any CPU
		{6099294C-4E59-4D6F-9305-8B78DECDCF78}.Debug|Any CPU.ActiveCfg = Debug|Any CPU
		{6099294C-4E59-4D6F-9305-8B78DECDCF78}.Debug|Any CPU.Build.0 = Debug|Any CPU
		{6099294C-4E59-4D6F-9305-8B78DECDCF78}.Release|Any CPU.ActiveCfg = Release|Any CPU
		{6099294C-4E59-4D6F-9305-8B78DECDCF78}.Release|Any CPU.Build.0 = Release|Any CPU
		{777D338C-4FB3-494B-8E89-5B95EA6C1BD2}.Debug|Any CPU.ActiveCfg = Debug|Any CPU
		{777D338C-4FB3-494B-8E89-5B95EA6C1BD2}.Debug|Any CPU.Build.0 = Debug|Any CPU
		{777D338C-4FB3-494B-8E89-5B95EA6C1BD2}.Release|Any CPU.ActiveCfg = Release|Any CPU
		{777D338C-4FB3-494B-8E89-5B95EA6C1BD2}.Release|Any CPU.Build.0 = Release|Any CPU
		{C3A30ACC-0256-4E18-8548-AD1B3152B615}.Debug|Any CPU.ActiveCfg = Debug|Any CPU
		{C3A30ACC-0256-4E18-8548-AD1B3152B615}.Debug|Any CPU.Build.0 = Debug|Any CPU
		{C3A30ACC-0256-4E18-8548-AD1B3152B615}.Release|Any CPU.ActiveCfg = Release|Any CPU
		{C3A30ACC-0256-4E18-8548-AD1B3152B615}.Release|Any CPU.Build.0 = Release|Any CPU
		{9F47B1C4-5657-4DFE-A553-AA1C7C7FF767}.Debug|Any CPU.ActiveCfg = Debug|Any CPU
		{9F47B1C4-5657-4DFE-A553-AA1C7C7FF767}.Debug|Any CPU.Build.0 = Debug|Any CPU
		{9F47B1C4-5657-4DFE-A553-AA1C7C7FF767}.Release|Any CPU.ActiveCfg = Release|Any CPU
		{9F47B1C4-5657-4DFE-A553-AA1C7C7FF767}.Release|Any CPU.Build.0 = Release|Any CPU
		{99EA4FD7-064D-4EB1-B149-209ACC7F3981}.Debug|Any CPU.ActiveCfg = Debug|Any CPU
		{99EA4FD7-064D-4EB1-B149-209ACC7F3981}.Debug|Any CPU.Build.0 = Debug|Any CPU
		{99EA4FD7-064D-4EB1-B149-209ACC7F3981}.Release|Any CPU.ActiveCfg = Release|Any CPU
		{99EA4FD7-064D-4EB1-B149-209ACC7F3981}.Release|Any CPU.Build.0 = Release|Any CPU
		{C236550F-1BCF-45D8-8F41-8F37773DD12C}.Debug|Any CPU.ActiveCfg = Debug|Any CPU
		{C236550F-1BCF-45D8-8F41-8F37773DD12C}.Debug|Any CPU.Build.0 = Debug|Any CPU
		{C236550F-1BCF-45D8-8F41-8F37773DD12C}.Release|Any CPU.ActiveCfg = Release|Any CPU
		{C236550F-1BCF-45D8-8F41-8F37773DD12C}.Release|Any CPU.Build.0 = Release|Any CPU
	EndGlobalSection
	GlobalSection(SolutionProperties) = preSolution
		HideSolutionNode = FALSE
	EndGlobalSection
	GlobalSection(NestedProjects) = preSolution
		{ABDC114F-B2A9-4CCD-94FF-25DB9CEC57BA} = {23C659FE-2AFF-41D6-9BBF-E83FFBB72ABD}
		{6099294C-4E59-4D6F-9305-8B78DECDCF78} = {23C659FE-2AFF-41D6-9BBF-E83FFBB72ABD}
		{777D338C-4FB3-494B-8E89-5B95EA6C1BD2} = {715B1D72-690D-4121-A968-887858FDAD77}
		{C3A30ACC-0256-4E18-8548-AD1B3152B615} = {715B1D72-690D-4121-A968-887858FDAD77}
		{9F47B1C4-5657-4DFE-A553-AA1C7C7FF767} = {715B1D72-690D-4121-A968-887858FDAD77}
		{99EA4FD7-064D-4EB1-B149-209ACC7F3981} = {715B1D72-690D-4121-A968-887858FDAD77}
		{C236550F-1BCF-45D8-8F41-8F37773DD12C} = {D9CD482C-7DC9-4938-BF41-A64460292D2B}
	EndGlobalSection
EndGlobal
